github.com/unlaunch/go-sdk v0.0.1 h1:na4wwvy77QTDVt6bx7kl951h0ScrKuN7OnlIAz0FvKQ=
github.com/unlaunch/go-sdk v0.0.1/go.mod h1:Y6+MOYP0sLyaL7Ld06HD63rfKnebk9pAU6iw7PU76UE=
github.com/unlaunch/go-sdk v0.0.3 h1:XY+h8WOj9iPzYKt6UUjdIhKKTtg2ByoA7OML+g+CTAo=
github.com/unlaunch/go-sdk v0.0.3/go.mod h1:Y6+MOYP0sLyaL7Ld06HD63rfKnebk9pAU6iw7PU76UE=
